
Microsoft Visual Studio Solution File, Format Version 12.00
# Visual Studio Version 17
VisualStudioVersion = 17.11.35327.3
MinimumVisualStudioVersion = 10.0.40219.1
Project("{FAE04EC0-301F-11D3-BF4B-00C04F79EFBC}") = "ConsoleApp1", "ConsoleApp1\ConsoleApp1.csproj", "{5E498E6C-34EC-46CC-9D3C-5D03C609D066}"
EndProject
Global
	GlobalSection(SolutionConfigurationPlatforms) = preSolution
		Debug|Any CPU = Debug|Any CPU
		Release|Any CPU = Release|Any CPU
	EndGlobalSection
	GlobalSection(ProjectConfigurationPlatforms) = postSolution
		{5E498E6C-34EC-46CC-9D3C-5D03C609D066}.Debug|Any CPU.ActiveCfg = Debug|Any CPU
		{5E498E6C-34EC-46CC-9D3C-5D03C609D066}.Debug|Any CPU.Build.0 = Debug|Any CPU
		{5E498E6C-34EC-46CC-9D3C-5D03C609D066}.Release|Any CPU.ActiveCfg = Release|Any CPU
		{5E498E6C-34EC-46CC-9D3C-5D03C609D066}.Release|Any CPU.Build.0 = Release|Any CPU
	EndGlobalSection
	GlobalSection(SolutionProperties) = preSolution
		HideSolutionNode = FALSE
	EndGlobalSection
	GlobalSection(ExtensibilityGlobals) = postSolution
		SolutionGuid = {68EB53A3-1561-4639-83E3-9C8D63B20F4E}
	EndGlobalSection
EndGlobal
